
Microsoft Visual Studio Solution File, Format Version 12.00
# Visual Studio Version 17
VisualStudioVersion = 17.7.34221.43
MinimumVisualStudioVersion = 10.0.40219.1
Project("{FAE04EC0-301F-11D3-BF4B-00C04F79EFBC}") = "laba", "laba\laba.csproj", "{62CA3D8B-33C3-4948-BD94-2EA5EFEEA5BA}"
EndProject
Global
	GlobalSection(SolutionConfigurationPlatforms) = preSolution
		Debug|Any CPU = Debug|Any CPU
		Release|Any CPU = Release|Any CPU
	EndGlobalSection
	GlobalSection(ProjectConfigurationPlatforms) = postSolution
		{62CA3D8B-33C3-4948-BD94-2EA5EFEEA5BA}.Debug|Any CPU.ActiveCfg = Debug|Any CPU
		{62CA3D8B-33C3-4948-BD94-2EA5EFEEA5BA}.Debug|Any CPU.Build.0 = Debug|Any CPU
		{62CA3D8B-33C3-4948-BD94-2EA5EFEEA5BA}.Release|Any CPU.ActiveCfg = Release|Any CPU
		{62CA3D8B-33C3-4948-BD94-2EA5EFEEA5BA}.Release|Any CPU.Build.0 = Release|Any CPU
	EndGlobalSection
	GlobalSection(SolutionProperties) = preSolution
		HideSolutionNode = FALSE
	EndGlobalSection
	GlobalSection(ExtensibilityGlobals) = postSolution
		SolutionGuid = {98C4D883-4EB3-447F-BB72-73F45FF50400}
	EndGlobalSection
EndGlobal
